
Microsoft Visual Studio Solution File, Format Version 12.00
# Visual Studio 15
VisualStudioVersion = 15.0.28307.1000
MinimumVisualStudioVersion = 10.0.40219.1
Project("{8BC9CEB8-8B4A-11D0-8D11-00A0C91BC942}") = "Gtasa_sensfix", "Gtasa_sensfix\Gtasa_sensfix_.vcxproj", "{DF6E8F7F-2CAB-4DA5-BD9D-496CE541B496}"
EndProject
Global
	GlobalSection(SolutionConfigurationPlatforms) = preSolution
		Debug|x64 = Debug|x64
		Debug|x86 = Debug|x86
		Release|x64 = Release|x64
		Release|x86 = Release|x86
	EndGlobalSection
	GlobalSection(ProjectConfigurationPlatforms) = postSolution
		{DF6E8F7F-2CAB-4DA5-BD9D-496CE541B496}.Debug|x64.ActiveCfg = Debug|x64
		{DF6E8F7F-2CAB-4DA5-BD9D-496CE541B496}.Debug|x64.Build.0 = Debug|x64
		{DF6E8F7F-2CAB-4DA5-BD9D-496CE541B496}.Debug|x86.ActiveCfg = Debug|Win32
		{DF6E8F7F-2CAB-4DA5-BD9D-496CE541B496}.Debug|x86.Build.0 = Debug|Win32
		{DF6E8F7F-2CAB-4DA5-BD9D-496CE541B496}.Release|x64.ActiveCfg = Release|x64
		{DF6E8F7F-2CAB-4DA5-BD9D-496CE541B496}.Release|x64.Build.0 = Release|x64
		{DF6E8F7F-2CAB-4DA5-BD9D-496CE541B496}.Release|x86.ActiveCfg = Release|Win32
		{DF6E8F7F-2CAB-4DA5-BD9D-496CE541B496}.Release|x86.Build.0 = Release|Win32
	EndGlobalSection
	GlobalSection(SolutionProperties) = preSolution
		HideSolutionNode = FALSE
	EndGlobalSection
	GlobalSection(ExtensibilityGlobals) = postSolution
		SolutionGuid = {8D200BF0-3968-41F1-9DBD-3B93FE6D23EA}
	EndGlobalSection
EndGlobal
